
Microsoft Visual Studio Solution File, Format Version 12.00
# Visual Studio Version 17
VisualStudioVersion = 17.14.37216.2
MinimumVisualStudioVersion = 10.0.40219.1
Project("{FAE04EC0-301F-11D3-BF4B-00C04F79EFBC}") = "Hospital.Interop.API", "Hospital.Interop.API\Hospital.Interop.API.csproj", "{BF7ACCEF-571F-4C2E-8268-253809228756}"
EndProject
Project("{FAE04EC0-301F-11D3-BF4B-00C04F79EFBC}") = "Hospital.Interop.Web", "Hospital.Interop.Web\Hospital.Interop.Web.csproj", "{A9CD93BD-2AFB-4C37-B012-3339131C5D30}"
EndProject
Global
	GlobalSection(SolutionConfigurationPlatforms) = preSolution
		Debug|Any CPU = Debug|Any CPU
		Debug|x64 = Debug|x64
		Debug|x86 = Debug|x86
		Release|Any CPU = Release|Any CPU
		Release|x64 = Release|x64
		Release|x86 = Release|x86
	EndGlobalSection
	GlobalSection(ProjectConfigurationPlatforms) = postSolution
		{BF7ACCEF-571F-4C2E-8268-253809228756}.Debug|Any CPU.ActiveCfg = Debug|Any CPU
		{BF7ACCEF-571F-4C2E-8268-253809228756}.Debug|Any CPU.Build.0 = Debug|Any CPU
		{BF7ACCEF-571F-4C2E-8268-253809228756}.Debug|x64.ActiveCfg = Debug|Any CPU
		{BF7ACCEF-571F-4C2E-8268-253809228756}.Debug|x64.Build.0 = Debug|Any CPU
		{BF7ACCEF-571F-4C2E-8268-253809228756}.Debug|x86.ActiveCfg = Debug|Any CPU
		{BF7ACCEF-571F-4C2E-8268-253809228756}.Debug|x86.Build.0 = Debug|Any CPU
		{BF7ACCEF-571F-4C2E-8268-253809228756}.Release|Any CPU.ActiveCfg = Release|Any CPU
		{BF7ACCEF-571F-4C2E-8268-253809228756}.Release|Any CPU.Build.0 = Release|Any CPU
		{BF7ACCEF-571F-4C2E-8268-253809228756}.Release|x64.ActiveCfg = Release|Any CPU
		{BF7ACCEF-571F-4C2E-8268-253809228756}.Release|x64.Build.0 = Release|Any CPU
		{BF7ACCEF-571F-4C2E-8268-253809228756}.Release|x86.ActiveCfg = Release|Any CPU
		{BF7ACCEF-571F-4C2E-8268-253809228756}.Release|x86.Build.0 = Release|Any CPU
		{A9CD93BD-2AFB-4C37-B012-3339131C5D30}.Debug|Any CPU.ActiveCfg = Debug|Any CPU
		{A9CD93BD-2AFB-4C37-B012-3339131C5D30}.Debug|Any CPU.Build.0 = Debug|Any CPU
		{A9CD93BD-2AFB-4C37-B012-3339131C5D30}.Debug|x64.ActiveCfg = Debug|Any CPU
		{A9CD93BD-2AFB-4C37-B012-3339131C5D30}.Debug|x64.Build.0 = Debug|Any CPU
		{A9CD93BD-2AFB-4C37-B012-3339131C5D30}.Debug|x86.ActiveCfg = Debug|Any CPU
		{A9CD93BD-2AFB-4C37-B012-3339131C5D30}.Debug|x86.Build.0 = Debug|Any CPU
		{A9CD93BD-2AFB-4C37-B012-3339131C5D30}.Release|Any CPU.ActiveCfg = Release|Any CPU
		{A9CD93BD-2AFB-4C37-B012-3339131C5D30}.Release|Any CPU.Build.0 = Release|Any CPU
		{A9CD93BD-2AFB-4C37-B012-3339131C5D30}.Release|x64.ActiveCfg = Release|Any CPU
		{A9CD93BD-2AFB-4C37-B012-3339131C5D30}.Release|x64.Build.0 = Release|Any CPU
		{A9CD93BD-2AFB-4C37-B012-3339131C5D30}.Release|x86.ActiveCfg = Release|Any CPU
		{A9CD93BD-2AFB-4C37-B012-3339131C5D30}.Release|x86.Build.0 = Release|Any CPU
	EndGlobalSection
	GlobalSection(SolutionProperties) = preSolution
		HideSolutionNode = FALSE
	EndGlobalSection
	GlobalSection(ExtensibilityGlobals) = postSolution
		SolutionGuid = {752293FE-A4F4-4901-85F1-D2169A2CE2F0}
	EndGlobalSection
EndGlobal
